// !$*UTF8*$!
{
	archiveVersion = 1;
	classes = {
	};
	objectVersion = 46;
	objects = {

/* Begin PBXBuildFile section */
		D2E797FF1E04CF4D00B420A6 /* AppDelegate.swift in Sources */ = {isa = PBXBuildFile; fileRef = D2E797FE1E04CF4D00B420A6 /* AppDelegate.swift */; };
		D2E798011E04CF4D00B420A6 /* ViewController.swift in Sources */ = {isa = PBXBuildFile; fileRef = D2E798001E04CF4D00B420A6 /* ViewController.swift */; };
		D2E798041E04CF4D00B420A6 /* Main.storyboard in Resources */ = {isa = PBXBuildFile; fileRef = D2E798021E04CF4D00B420A6 /* Main.storyboard */; };
		D2E798061E04CF4D00B420A6 /* Assets.xcassets in Resources */ = {isa = PBXBuildFile; fileRef = D2E798051E04CF4D00B420A6 /* Assets.xcassets */; };
		D2E798091E04CF4E00B420A6 /* LaunchScreen.storyboard in Resources */ = {isa = PBXBuildFile; fileRef = D2E798071E04CF4E00B420A6 /* LaunchScreen.storyboard */; };
		D2E798141E04CF4E00B420A6 /* SwiftPlayerTests.swift in Sources */ = {isa = PBXBuildFile; fileRef = D2E798131E04CF4E00B420A6 /* SwiftPlayerTests.swift */; };
		D2E7981F1E04CF4E00B420A6 /* SwiftPlayerUITests.swift in Sources */ = {isa = PBXBuildFile; fileRef = D2E7981E1E04CF4E00B420A6 /* SwiftPlayerUITests.swift */; };
		D2E798301E04CFF900B420A6 /* play.png in Resources */ = {isa = PBXBuildFile; fileRef = D2E7982D1E04CFF900B420A6 /* play.png */; };
		D2E798311E04CFF900B420A6 /* backImage.jpg in Resources */ = {isa = PBXBuildFile; fileRef = D2E7982E1E04CFF900B420A6 /* backImage.jpg */; };
		D2E798341E04D16600B420A6 /* AVFoundation.framework in Frameworks */ = {isa = PBXBuildFile; fileRef = D2E798331E04D16600B420A6 /* AVFoundation.framework */; };
		D2E798361E04D16F00B420A6 /* AVKit.framework in Frameworks */ = {isa = PBXBuildFile; fileRef = D2E798351E04D16F00B420A6 /* AVKit.framework */; };
/* End PBXBuildFile section */

/* Begin PBXContainerItemProxy section */
		D2E798101E04CF4E00B420A6 /* PBXContainerItemProxy */ = {
			isa = PBXContainerItemProxy;
			containerPortal = D2E797F31E04CF4D00B420A6 /* Project object */;
			proxyType = 1;
			remoteGlobalIDString = D2E797FA1E04CF4D00B420A6;
			remoteInfo = SwiftPlayer;
		};
		D2E7981B1E04CF4E00B420A6 /* PBXContainerItemProxy */ = {
			isa = PBXContainerItemProxy;
			containerPortal = D2E797F31E04CF4D00B420A6 /* Project object */;
			proxyType = 1;
			remoteGlobalIDString = D2E797FA1E04CF4D00B420A6;
			remoteInfo = SwiftPlayer;
		};
/* End PBXContainerItemProxy section */

/* Begin PBXFileReference section */
		D2E797FB1E04CF4D00B420A6 /* SwiftPlayer.app */ = {isa = PBXFileReference; explicitFileType = wrapper.application; includeInIndex = 0; path = SwiftPlayer.app; sourceTree = BUILT_PRODUCTS_DIR; };
		D2E797FE1E04CF4D00B420A6 /* AppDelegate.swift */ = {isa = PBXFileReference; lastKnownFileType = sourcecode.swift; path = AppDelegate.swift; sourceTree = "<group>"; };
		D2E798001E04CF4D00B420A6 /* ViewController.swift */ = {isa = PBXFileReference; lastKnownFileType = sourcecode.swift; path = ViewController.swift; sourceTree = "<group>"; };
		D2E798031E04CF4D00B420A6 /* Base */ = {isa = PBXFileReference; lastKnownFileType = file.storyboard; name = Base; path = Base.lproj/Main.storyboard; sourceTree = "<group>"; };
		D2E798051E04CF4D00B420A6 /* Assets.xcassets */ = {isa = PBXFileReference; lastKnownFileType = folder.assetcatalog; path = Assets.xcassets; sourceTree = "<group>"; };
		D2E798081E04CF4E00B420A6 /* Base */ = {isa = PBXFileReference; lastKnownFileType = file.storyboard; name = Base; path = Base.lproj/LaunchScreen.storyboard; sourceTree = "<group>"; };
		D2E7980A1E04CF4E00B420A6 /* Info.plist */ = {isa = PBXFileReference; lastKnownFileType = text.plist.xml; path = Info.plist; sourceTree = "<group>"; };
		D2E7980F1E04CF4E00B420A6 /* SwiftPlayerTests.xctest */ = {isa = PBXFileReference; explicitFileType = wrapper.cfbundle; includeInIndex = 0; path = SwiftPlayerTests.xctest; sourceTree = BUILT_PRODUCTS_DIR; };
		D2E798131E04CF4E00B420A6 /* SwiftPlayerTests.swift */ = {isa = PBXFileReference; lastKnownFileType = sourcecode.swift; path = SwiftPlayerTests.swift; sourceTree = "<group>"; };
		D2E798151E04CF4E00B420A6 /* Info.plist */ = {isa = PBXFileReference; lastKnownFileType = text.plist.xml; path = Info.plist; sourceTree = "<group>"; };
		D2E7981A1E04CF4E00B420A6 /* SwiftPlayerUITests.xctest */ = {isa = PBXFileReference; explicitFileType = wrapper.cfbundle; includeInIndex = 0; path = SwiftPlayerUITests.xctest; sourceTree = BUILT_PRODUCTS_DIR; };
		D2E7981E1E04CF4E00B420A6 /* SwiftPlayerUITests.swift */ = {isa = PBXFileReference; lastKnownFileType = sourcecode.swift; path = SwiftPlayerUITests.swift; sourceTree = "<group>"; };
		D2E798201E04CF4E00B420A6 /* Info.plist */ = {isa = PBXFileReference; lastKnownFileType = text.plist.xml; path = Info.plist; sourceTree = "<group>"; };
		D2E7982D1E04CFF900B420A6 /* play.png */ = {isa = PBXFileReference; lastKnownFileType = image.png; path = play.png; sourceTree = "<group>"; };
		D2E7982E1E04CFF900B420A6 /* backImage.jpg */ = {isa = PBXFileReference; lastKnownFileType = image.jpeg; path = backImage.jpg; sourceTree = "<group>"; };
		D2E798331E04D16600B420A6 /* AVFoundation.framework */ = {isa = PBXFileReference; lastKnownFileType = wrapper.framework; name = AVFoundation.framework; path = System/Library/Frameworks/AVFoundation.framework; sourceTree = SDKROOT; };
		D2E798351E04D16F00B420A6 /* AVKit.framework */ = {isa = PBXFileReference; lastKnownFileType = wrapper.framework; name = AVKit.framework; path = System/Library/Frameworks/AVKit.framework; sourceTree = SDKROOT; };
/* End PBXFileReference section */

/* Begin PBXFrameworksBuildPhase section */
		D2E797F81E04CF4D00B420A6 /* Frameworks */ = {
			isa = PBXFrameworksBuildPhase;
			buildActionMask = 2147483647;
			files = (
				D2E798361E04D16F00B420A6 /* AVKit.framework in Frameworks */,
				D2E798341E04D16600B420A6 /* AVFoundation.framework in Frameworks */,
			);
			runOnlyForDeploymentPostprocessing = 0;
		};
		D2E7980C1E04CF4E00B420A6 /* Frameworks */ = {
			isa = PBXFrameworksBuildPhase;
			buildActionMask = 2147483647;
			files = (
			);
			runOnlyForDeploymentPostprocessing = 0;
		};
		D2E798171E04CF4E00B420A6 /* Frameworks */ = {
			isa = PBXFrameworksBuildPhase;
			buildActionMask = 2147483647;
			files = (
			);
			runOnlyForDeploymentPostprocessing = 0;
		};
/* End PBXFrameworksBuildPhase section */

/* Begin PBXGroup section */
		D2E797F21E04CF4D00B420A6 = {
			isa = PBXGroup;
			children = (
				D2E797FD1E04CF4D00B420A6 /* SwiftPlayer */,
				D2E798121E04CF4E00B420A6 /* SwiftPlayerTests */,
				D2E7981D1E04CF4E00B420A6 /* SwiftPlayerUITests */,
				D2E797FC1E04CF4D00B420A6 /* Products */,
				D2E798321E04D16600B420A6 /* Frameworks */,
			);
			sourceTree = "<group>";
		};
		D2E797FC1E04CF4D00B420A6 /* Products */ = {
			isa = PBXGroup;
			children = (
				D2E797FB1E04CF4D00B420A6 /* SwiftPlayer.app */,
				D2E7980F1E04CF4E00B420A6 /* SwiftPlayerTests.xctest */,
				D2E7981A1E04CF4E00B420A6 /* SwiftPlayerUITests.xctest */,
			);
			name = Products;
			sourceTree = "<group>";
		};
		D2E797FD1E04CF4D00B420A6 /* SwiftPlayer */ = {
			isa = PBXGroup;
			children = (
				D2E7982D1E04CFF900B420A6 /* play.png */,
				D2E7982E1E04CFF900B420A6 /* backImage.jpg */,
				D2E797FE1E04CF4D00B420A6 /* AppDelegate.swift */,
				D2E798001E04CF4D00B420A6 /* ViewController.swift */,
				D2E798021E04CF4D00B420A6 /* Main.storyboard */,
				D2E798051E04CF4D00B420A6 /* Assets.xcassets */,
				D2E798071E04CF4E00B420A6 /* LaunchScreen.storyboard */,
				D2E7980A1E04CF4E00B420A6 /* Info.plist */,
			);
			path = SwiftPlayer;
			sourceTree = "<group>";
		};
		D2E798121E04CF4E00B420A6 /* SwiftPlayerTests */ = {
			isa = PBXGroup;
			children = (
				D2E798131E04CF4E00B420A6 /* SwiftPlayerTests.swift */,
				D2E798151E04CF4E00B420A6 /* Info.plist */,
			);
			path = SwiftPlayerTests;
			sourceTree = "<group>";
		};
		D2E7981D1E04CF4E00B420A6 /* SwiftPlayerUITests */ = {
			isa = PBXGroup;
			children = (
				D2E7981E1E04CF4E00B420A6 /* SwiftPlayerUITests.swift */,
				D2E798201E04CF4E00B420A6 /* Info.plist */,
			);
			path = SwiftPlayerUITests;
			sourceTree = "<group>";
		};
		D2E798321E04D16600B420A6 /* Frameworks */ = {
			isa = PBXGroup;
			children = (
				D2E798351E04D16F00B420A6 /* AVKit.framework */,
				D2E798331E04D16600B420A6 /* AVFoundation.framework */,
			);
			name = Frameworks;
			sourceTree = "<group>";
		};
/* End PBXGroup section */

/* Begin PBXNativeTarget section */
		D2E797FA1E04CF4D00B420A6 /* SwiftPlayer */ = {
			isa = PBXNativeTarget;
			buildConfigurationList = D2E798231E04CF4E00B420A6 /* Build configuration list for PBXNativeTarget "SwiftPlayer" */;
			buildPhases = (
				D2E797F71E04CF4D00B420A6 /* Sources */,
				D2E797F81E04CF4D00B420A6 /* Frameworks */,
				D2E797F91E04CF4D00B420A6 /* Resources */,
			);
			buildRules = (
			);
			dependencies = (
			);
			name = SwiftPlayer;
			productName = SwiftPlayer;
			productReference = D2E797FB1E04CF4D00B420A6 /* SwiftPlayer.app */;
			productType = "com.apple.product-type.application";
		};
		D2E7980E1E04CF4E00B420A6 /* SwiftPlayerTests */ = {
			isa = PBXNativeTarget;
			buildConfigurationList = D2E798261E04CF4E00B420A6 /* Build configuration list for PBXNativeTarget "SwiftPlayerTests" */;
			buildPhases = (
				D2E7980B1E04CF4E00B420A6 /* Sources */,
				D2E7980C1E04CF4E00B420A6 /* Frameworks */,
				D2E7980D1E04CF4E00B420A6 /* Resources */,
			);
			buildRules = (
			);
			dependencies = (
				D2E798111E04CF4E00B420A6 /* PBXTargetDependency */,
			);
			name = SwiftPlayerTests;
			productName = SwiftPlayerTests;
			productReference = D2E7980F1E04CF4E00B420A6 /* SwiftPlayerTests.xctest */;
			productType = "com.apple.product-type.bundle.unit-test";
		};
		D2E798191E04CF4E00B420A6 /* SwiftPlayerUITests */ = {
			isa = PBXNativeTarget;
			buildConfigurationList = D2E798291E04CF4E00B420A6 /* Build configuration list for PBXNativeTarget "SwiftPlayerUITests" */;
			buildPhases = (
				D2E798161E04CF4E00B420A6 /* Sources */,
				D2E798171E04CF4E00B420A6 /* Frameworks */,
				D2E798181E04CF4E00B420A6 /* Resources */,
			);
			buildRules = (
			);
			dependencies = (
				D2E7981C1E04CF4E00B420A6 /* PBXTargetDependency */,
			);
			name = SwiftPlayerUITests;
			productName = SwiftPlayerUITests;
			productReference = D2E7981A1E04CF4E00B420A6 /* SwiftPlayerUITests.xctest */;
			productType = "com.apple.product-type.bundle.ui-testing";
		};
/* End PBXNativeTarget section */

/* Begin PBXProject section */
		D2E797F31E04CF4D00B420A6 /* Project object */ = {
			isa = PBXProject;
			attributes = {
				LastSwiftUpdateCheck = 0810;
				LastUpgradeCheck = 0810;
				ORGANIZATIONNAME = "岡野健三";
				TargetAttributes = {
					D2E797FA1E04CF4D00B420A6 = {
						CreatedOnToolsVersion = 8.1;
						DevelopmentTeam = UABN6H7C4J;
						ProvisioningStyle = Automatic;
					};
					D2E7980E1E04CF4E00B420A6 = {
						CreatedOnToolsVersion = 8.1;
						DevelopmentTeam = UABN6H7C4J;
						ProvisioningStyle = Automatic;
						TestTargetID = D2E797FA1E04CF4D00B420A6;
					};
					D2E798191E04CF4E00B420A6 = {
						CreatedOnToolsVersion = 8.1;
						DevelopmentTeam = UABN6H7C4J;
						ProvisioningStyle = Automatic;
						TestTargetID = D2E797FA1E04CF4D00B420A6;
					};
				};
			};
			buildConfigurationList = D2E797F61E04CF4D00B420A6 /* Build configuration list for PBXProject "SwiftPlayer" */;
			compatibilityVersion = "Xcode 3.2";
			developmentRegion = English;
			hasScannedForEncodings = 0;
			knownRegions = (
				en,
				Base,
			);
			mainGroup = D2E797F21E04CF4D00B420A6;
			productRefGroup = D2E797FC1E04CF4D00B420A6 /* Products */;
			projectDirPath = "";
			projectRoot = "";
			targets = (
				D2E797FA1E04CF4D00B420A6 /* SwiftPlayer */,
				D2E7980E1E04CF4E00B420A6 /* SwiftPlayerTests */,
				D2E798191E04CF4E00B420A6 /* SwiftPlayerUITests */,
			);
		};
/* End PBXProject section */

/* Begin PBXResourcesBuildPhase section */
		D2E797F91E04CF4D00B420A6 /* Resources */ = {
			isa = PBXResourcesBuildPhase;
			buildActionMask = 2147483647;
			files = (
				D2E798311E04CFF900B420A6 /* backImage.jpg in Resources */,
				D2E798301E04CFF900B420A6 /* play.png in Resources */,
				D2E798091E04CF4E00B420A6 /* LaunchScreen.storyboard in Resources */,
				D2E798061E04CF4D00B420A6 /* Assets.xcassets in Resources */,
				D2E798041E04CF4D00B420A6 /* Main.storyboard in Resources */,
			);
			runOnlyForDeploymentPostprocessing = 0;
		};
		D2E7980D1E04CF4E00B420A6 /* Resources */ = {
			isa = PBXResourcesBuildPhase;
			buildActionMask = 2147483647;
			files = (
			);
			runOnlyForDeploymentPostprocessing = 0;
		};
		D2E798181E04CF4E00B420A6 /* Resources */ = {
			isa = PBXResourcesBuildPhase;
			buildActionMask = 2147483647;
			files = (
			);
			runOnlyForDeploymentPostprocessing = 0;
		};
/* End PBXResourcesBuildPhase section */

/* Begin PBXSourcesBuildPhase section */
		D2E797F71E04CF4D00B420A6 /* Sources */ = {
			isa = PBXSourcesBuildPhase;
			buildActionMask = 2147483647;
			files = (
				D2E798011E04CF4D00B420A6 /* ViewController.swift in Sources */,
				D2E797FF1E04CF4D00B420A6 /* AppDelegate.swift in Sources */,
			);
			runOnlyForDeploymentPostprocessing = 0;
		};
		D2E7980B1E04CF4E00B420A6 /* Sources */ = {
			isa = PBXSourcesBuildPhase;
			buildActionMask = 2147483647;
			files = (
				D2E798141E04CF4E00B420A6 /* SwiftPlayerTests.swift in Sources */,
			);
			runOnlyForDeploymentPostprocessing = 0;
		};
		D2E798161E04CF4E00B420A6 /* Sources */ = {
			isa = PBXSourcesBuildPhase;
			buildActionMask = 2147483647;
			files = (
				D2E7981F1E04CF4E00B420A6 /* SwiftPlayerUITests.swift in Sources */,
			);
			runOnlyForDeploymentPostprocessing = 0;
		};
/* End PBXSourcesBuildPhase section */

/* Begin PBXTargetDependency section */
		D2E798111E04CF4E00B420A6 /* PBXTargetDependency */ = {
			isa = PBXTargetDependency;
			target = D2E797FA1E04CF4D00B420A6 /* SwiftPlayer */;
			targetProxy = D2E798101E04CF4E00B420A6 /* PBXContainerItemProxy */;
		};
		D2E7981C1E04CF4E00B420A6 /* PBXTargetDependency */ = {
			isa = PBXTargetDependency;
			target = D2E797FA1E04CF4D00B420A6 /* SwiftPlayer */;
			targetProxy = D2E7981B1E04CF4E00B420A6 /* PBXContainerItemProxy */;
		};
/* End PBXTargetDependency section */

/* Begin PBXVariantGroup section */
		D2E798021E04CF4D00B420A6 /* Main.storyboard */ = {
			isa = PBXVariantGroup;
			children = (
				D2E798031E04CF4D00B420A6 /* Base */,
			);
			name = Main.storyboard;
			sourceTree = "<group>";
		};
		D2E798071E04CF4E00B420A6 /* LaunchScreen.storyboard */ = {
			isa = PBXVariantGroup;
			children = (
				D2E798081E04CF4E00B420A6 /* Base */,
			);
			name = LaunchScreen.storyboard;
			sourceTree = "<group>";
		};
/* End PBXVariantGroup section */

/* Begin XCBuildConfiguration section */
		D2E798211E04CF4E00B420A6 /* Debug */ = {
			isa = XCBuildConfiguration;
			buildSettings = {
				ALWAYS_SEARCH_USER_PATHS = NO;
				CLANG_ANALYZER_NONNULL = YES;
				CLANG_CXX_LANGUAGE_STANDARD = "gnu++0x";
				CLANG_CXX_LIBRARY = "libc++";
				CLANG_ENABLE_MODULES = YES;
				CLANG_ENABLE_OBJC_ARC = YES;
				CLANG_WARN_BOOL_CONVERSION = YES;
				CLANG_WARN_CONSTANT_CONVERSION = YES;
				CLANG_WARN_DIRECT_OBJC_ISA_USAGE = YES_ERROR;
				CLANG_WARN_DOCUMENTATION_COMMENTS = YES;
				CLANG_WARN_EMPTY_BODY = YES;
				CLANG_WARN_ENUM_CONVERSION = YES;
				CLANG_WARN_INFINITE_RECURSION = YES;
				CLANG_WARN_INT_CONVERSION = YES;
				CLANG_WARN_OBJC_ROOT_CLASS = YES_ERROR;
				CLANG_WARN_SUSPICIOUS_MOVES = YES;
				CLANG_WARN_UNREACHABLE_CODE = YES;
				CLANG_WARN__DUPLICATE_METHOD_MATCH = YES;
				"CODE_SIGN_IDENTITY[sdk=iphoneos*]" = "iPhone Developer";
				COPY_PHASE_STRIP = NO;
				DEBUG_INFORMATION_FORMAT = dwarf;
				ENABLE_STRICT_OBJC_MSGSEND = YES;
				ENABLE_TESTABILITY = YES;
				GCC_C_LANGUAGE_STANDARD = gnu99;
				GCC_DYNAMIC_NO_PIC = NO;
				GCC_NO_COMMON_BLOCKS = YES;
				GCC_OPTIMIZATION_LEVEL = 0;
				GCC_PREPROCESSOR_DEFINITIONS = (
					"DEBUG=1",
					"$(inherited)",
				);
				GCC_WARN_64_TO_32_BIT_CONVERSION = YES;
				GCC_WARN_ABOUT_RETURN_TYPE = YES_ERROR;
				GCC_WARN_UNDECLARED_SELECTOR = YES;
				GCC_WARN_UNINITIALIZED_AUTOS = YES_AGGRESSIVE;
				GCC_WARN_UNUSED_FUNCTION = YES;
				GCC_WARN_UNUSED_VARIABLE = YES;
				IPHONEOS_DEPLOYMENT_TARGET = 10.1;
				MTL_ENABLE_DEBUG_INFO = YES;
				ONLY_ACTIVE_ARCH = YES;
				SDKROOT = iphoneos;
				SWIFT_ACTIVE_COMPILATION_CONDITIONS = DEBUG;
				SWIFT_OPTIMIZATION_LEVEL = "-Onone";
			};
			name = Debug;
		};
		D2E798221E04CF4E00B420A6 /* Release */ = {
			isa = XCBuildConfiguration;
			buildSettings = {
				ALWAYS_SEARCH_USER_PATHS = NO;
				CLANG_ANALYZER_NONNULL = YES;
				CLANG_CXX_LANGUAGE_STANDARD = "gnu++0x";
				CLANG_CXX_LIBRARY = "libc++";
				CLANG_ENABLE_MODULES = YES;
				CLANG_ENABLE_OBJC_ARC = YES;
				CLANG_WARN_BOOL_CONVERSION = YES;
				CLANG_WARN_CONSTANT_CONVERSION = YES;
				CLANG_WARN_DIRECT_OBJC_ISA_USAGE = YES_ERROR;
				CLANG_WARN_DOCUMENTATION_COMMENTS = YES;
				CLANG_WARN_EMPTY_BODY = YES;
				CLANG_WARN_ENUM_CONVERSION = YES;
				CLANG_WARN_INFINITE_RECURSION = YES;
				CLANG_WARN_INT_CONVERSION = YES;
				CLANG_WARN_OBJC_ROOT_CLASS = YES_ERROR;
				CLANG_WARN_SUSPICIOUS_MOVES = YES;
				CLANG_WARN_UNREACHABLE_CODE = YES;
				CLANG_WARN__DUPLICATE_METHOD_MATCH = YES;
				"CODE_SIGN_IDENTITY[sdk=iphoneos*]" = "iPhone Developer";
				COPY_PHASE_STRIP = NO;
				DEBUG_INFORMATION_FORMAT = "dwarf-with-dsym";
				ENABLE_NS_ASSERTIONS = NO;
				ENABLE_STRICT_OBJC_MSGSEND = YES;
				GCC_C_LANGUAGE_STANDARD = gnu99;
				GCC_NO_COMMON_BLOCKS = YES;
				GCC_WARN_64_TO_32_BIT_CONVERSION = YES;
				GCC_WARN_ABOUT_RETURN_TYPE = YES_ERROR;
				GCC_WARN_UNDECLARED_SELECTOR = YES;
				GCC_WARN_UNINITIALIZED_AUTOS = YES_AGGRESSIVE;
				GCC_WARN_UNUSED_FUNCTION = YES;
				GCC_WARN_UNUSED_VARIABLE = YES;
				IPHONEOS_DEPLOYMENT_TARGET = 10.1;
				MTL_ENABLE_DEBUG_INFO = NO;
				SDKROOT = iphoneos;
				SWIFT_OPTIMIZATION_LEVEL = "-Owholemodule";
				VALIDATE_PRODUCT = YES;
			};
			name = Release;
		};
		D2E798241E04CF4E00B420A6 /* Debug */ = {
			isa = XCBuildConfiguration;
			buildSettings = {
				ASSETCATALOG_COMPILER_APPICON_NAME = AppIcon;
				DEVELOPMENT_TEAM = UABN6H7C4J;
				INFOPLIST_FILE = SwiftPlayer/Info.plist;
				LD_RUNPATH_SEARCH_PATHS = "$(inherited) @executable_path/Frameworks";
				PRODUCT_BUNDLE_IDENTIFIER = iphone.SwiftPlayer;
				PRODUCT_NAME = "$(TARGET_NAME)";
				SWIFT_VERSION = 3.0;
			};
			name = Debug;
		};
		D2E798251E04CF4E00B420A6 /* Release */ = {
			isa = XCBuildConfiguration;
			buildSettings = {
				ASSETCATALOG_COMPILER_APPICON_NAME = AppIcon;
				DEVELOPMENT_TEAM = UABN6H7C4J;
				INFOPLIST_FILE = SwiftPlayer/Info.plist;
				LD_RUNPATH_SEARCH_PATHS = "$(inherited) @executable_path/Frameworks";
				PRODUCT_BUNDLE_IDENTIFIER = iphone.SwiftPlayer;
				PRODUCT_NAME = "$(TARGET_NAME)";
				SWIFT_VERSION = 3.0;
			};
			name = Release;
		};
		D2E798271E04CF4E00B420A6 /* Debug */ = {
			isa = XCBuildConfiguration;
			buildSettings = {
				ALWAYS_EMBED_SWIFT_STANDARD_LIBRARIES = YES;
				BUNDLE_LOADER = "$(TEST_HOST)";
				DEVELOPMENT_TEAM = UABN6H7C4J;
				INFOPLIST_FILE = SwiftPlayerTests/Info.plist;
				LD_RUNPATH_SEARCH_PATHS = "$(inherited) @executable_path/Frameworks @loader_path/Frameworks";
				PRODUCT_BUNDLE_IDENTIFIER = iphone.SwiftPlayerTests;
				PRODUCT_NAME = "$(TARGET_NAME)";
				SWIFT_VERSION = 3.0;
				TEST_HOST = "$(BUILT_PRODUCTS_DIR)/SwiftPlayer.app/SwiftPlayer";
			};
			name = Debug;
		};
		D2E798281E04CF4E00B420A6 /* Release */ = {
			isa = XCBuildConfiguration;
			buildSettings = {
				ALWAYS_EMBED_SWIFT_STANDARD_LIBRARIES = YES;
				BUNDLE_LOADER = "$(TEST_HOST)";
				DEVELOPMENT_TEAM = UABN6H7C4J;
				INFOPLIST_FILE = SwiftPlayerTests/Info.plist;
				LD_RUNPATH_SEARCH_PATHS = "$(inherited) @executable_path/Frameworks @loader_path/Frameworks";
				PRODUCT_BUNDLE_IDENTIFIER = iphone.SwiftPlayerTests;
				PRODUCT_NAME = "$(TARGET_NAME)";
				SWIFT_VERSION = 3.0;
				TEST_HOST = "$(BUILT_PRODUCTS_DIR)/SwiftPlayer.app/SwiftPlayer";
			};
			name = Release;
		};
		D2E7982A1E04CF4E00B420A6 /* Debug */ = {
			isa = XCBuildConfiguration;
			buildSettings = {
				ALWAYS_EMBED_SWIFT_STANDARD_LIBRARIES = YES;
				DEVELOPMENT_TEAM = UABN6H7C4J;
				INFOPLIST_FILE = SwiftPlayerUITests/Info.plist;
				LD_RUNPATH_SEARCH_PATHS = "$(inherited) @executable_path/Frameworks @loader_path/Frameworks";
				PRODUCT_BUNDLE_IDENTIFIER = iphone.SwiftPlayerUITests;
				PRODUCT_NAME = "$(TARGET_NAME)";
				SWIFT_VERSION = 3.0;
				TEST_TARGET_NAME = SwiftPlayer;
			};
			name = Debug;
		};
		D2E7982B1E04CF4E00B420A6 /* Release */ = {
			isa = XCBuildConfiguration;
			buildSettings = {
				ALWAYS_EMBED_SWIFT_STANDARD_LIBRARIES = YES;
				DEVELOPMENT_TEAM = UABN6H7C4J;
				INFOPLIST_FILE = SwiftPlayerUITests/Info.plist;
				LD_RUNPATH_SEARCH_PATHS = "$(inherited) @executable_path/Frameworks @loader_path/Frameworks";
				PRODUCT_BUNDLE_IDENTIFIER = iphone.SwiftPlayerUITests;
				PRODUCT_NAME = "$(TARGET_NAME)";
				SWIFT_VERSION = 3.0;
				TEST_TARGET_NAME = SwiftPlayer;
			};
			name = Release;
		};
/* End XCBuildConfiguration section */

/* Begin XCConfigurationList section */
		D2E797F61E04CF4D00B420A6 /* Build configuration list for PBXProject "SwiftPlayer" */ = {
			isa = XCConfigurationList;
			buildConfigurations = (
				D2E798211E04CF4E00B420A6 /* Debug */,
				D2E798221E04CF4E00B420A6 /* Release */,
			);
			defaultConfigurationIsVisible = 0;
			defaultConfigurationName = Release;
		};
		D2E798231E04CF4E00B420A6 /* Build configuration list for PBXNativeTarget "SwiftPlayer" */ = {
			isa = XCConfigurationList;
			buildConfigurations = (
				D2E798241E04CF4E00B420A6 /* Debug */,
				D2E798251E04CF4E00B420A6 /* Release */,
			);
			defaultConfigurationIsVisible = 0;
			defaultConfigurationName = Release;
		};
		D2E798261E04CF4E00B420A6 /* Build configuration list for PBXNativeTarget "SwiftPlayerTests" */ = {
			isa = XCConfigurationList;
			buildConfigurations = (
				D2E798271E04CF4E00B420A6 /* Debug */,
				D2E798281E04CF4E00B420A6 /* Release */,
			);
			defaultConfigurationIsVisible = 0;
			defaultConfigurationName = Release;
		};
		D2E798291E04CF4E00B420A6 /* Build configuration list for PBXNativeTarget "SwiftPlayerUITests" */ = {
			isa = XCConfigurationList;
			buildConfigurations = (
				D2E7982A1E04CF4E00B420A6 /* Debug */,
				D2E7982B1E04CF4E00B420A6 /* Release */,
			);
			defaultConfigurationIsVisible = 0;
			defaultConfigurationName = Release;
		};
/* End XCConfigurationList section */
	};
	rootObject = D2E797F31E04CF4D00B420A6 /* Project object */;
}
