// !$*UTF8*$!
{
	archiveVersion = 1;
	classes = {
	};
	objectVersion = 46;
	objects = {

/* Begin PBXBuildFile section */
		D225002D1DE4174200B67ABE /* AppDelegate.swift in Sources */ = {isa = PBXBuildFile; fileRef = D225002C1DE4174200B67ABE /* AppDelegate.swift */; };
		D225002F1DE4174200B67ABE /* ViewController.swift in Sources */ = {isa = PBXBuildFile; fileRef = D225002E1DE4174200B67ABE /* ViewController.swift */; };
		D22500321DE4174200B67ABE /* Main.storyboard in Resources */ = {isa = PBXBuildFile; fileRef = D22500301DE4174200B67ABE /* Main.storyboard */; };
		D22500341DE4174200B67ABE /* Assets.xcassets in Resources */ = {isa = PBXBuildFile; fileRef = D22500331DE4174200B67ABE /* Assets.xcassets */; };
		D22500371DE4174200B67ABE /* LaunchScreen.storyboard in Resources */ = {isa = PBXBuildFile; fileRef = D22500351DE4174200B67ABE /* LaunchScreen.storyboard */; };
		D22500421DE4174200B67ABE /* camera_sampleTests.swift in Sources */ = {isa = PBXBuildFile; fileRef = D22500411DE4174200B67ABE /* camera_sampleTests.swift */; };
		D225004D1DE4174200B67ABE /* camera_sampleUITests.swift in Sources */ = {isa = PBXBuildFile; fileRef = D225004C1DE4174200B67ABE /* camera_sampleUITests.swift */; };
		D225005D1DE420CE00B67ABE /* ExtensionViewController.swift in Sources */ = {isa = PBXBuildFile; fileRef = D225005C1DE420CE00B67ABE /* ExtensionViewController.swift */; };
/* End PBXBuildFile section */

/* Begin PBXContainerItemProxy section */
		D225003E1DE4174200B67ABE /* PBXContainerItemProxy */ = {
			isa = PBXContainerItemProxy;
			containerPortal = D22500211DE4174100B67ABE /* Project object */;
			proxyType = 1;
			remoteGlobalIDString = D22500281DE4174100B67ABE;
			remoteInfo = camera_sample;
		};
		D22500491DE4174200B67ABE /* PBXContainerItemProxy */ = {
			isa = PBXContainerItemProxy;
			containerPortal = D22500211DE4174100B67ABE /* Project object */;
			proxyType = 1;
			remoteGlobalIDString = D22500281DE4174100B67ABE;
			remoteInfo = camera_sample;
		};
/* End PBXContainerItemProxy section */

/* Begin PBXFileReference section */
		D22500291DE4174200B67ABE /* camera_sample.app */ = {isa = PBXFileReference; explicitFileType = wrapper.application; includeInIndex = 0; path = camera_sample.app; sourceTree = BUILT_PRODUCTS_DIR; };
		D225002C1DE4174200B67ABE /* AppDelegate.swift */ = {isa = PBXFileReference; lastKnownFileType = sourcecode.swift; path = AppDelegate.swift; sourceTree = "<group>"; };
		D225002E1DE4174200B67ABE /* ViewController.swift */ = {isa = PBXFileReference; lastKnownFileType = sourcecode.swift; path = ViewController.swift; sourceTree = "<group>"; };
		D22500311DE4174200B67ABE /* Base */ = {isa = PBXFileReference; lastKnownFileType = file.storyboard; name = Base; path = Base.lproj/Main.storyboard; sourceTree = "<group>"; };
		D22500331DE4174200B67ABE /* Assets.xcassets */ = {isa = PBXFileReference; lastKnownFileType = folder.assetcatalog; path = Assets.xcassets; sourceTree = "<group>"; };
		D22500361DE4174200B67ABE /* Base */ = {isa = PBXFileReference; lastKnownFileType = file.storyboard; name = Base; path = Base.lproj/LaunchScreen.storyboard; sourceTree = "<group>"; };
		D22500381DE4174200B67ABE /* Info.plist */ = {isa = PBXFileReference; lastKnownFileType = text.plist.xml; path = Info.plist; sourceTree = "<group>"; };
		D225003D1DE4174200B67ABE /* camera_sampleTests.xctest */ = {isa = PBXFileReference; explicitFileType = wrapper.cfbundle; includeInIndex = 0; path = camera_sampleTests.xctest; sourceTree = BUILT_PRODUCTS_DIR; };
		D22500411DE4174200B67ABE /* camera_sampleTests.swift */ = {isa = PBXFileReference; lastKnownFileType = sourcecode.swift; path = camera_sampleTests.swift; sourceTree = "<group>"; };
		D22500431DE4174200B67ABE /* Info.plist */ = {isa = PBXFileReference; lastKnownFileType = text.plist.xml; path = Info.plist; sourceTree = "<group>"; };
		D22500481DE4174200B67ABE /* camera_sampleUITests.xctest */ = {isa = PBXFileReference; explicitFileType = wrapper.cfbundle; includeInIndex = 0; path = camera_sampleUITests.xctest; sourceTree = BUILT_PRODUCTS_DIR; };
		D225004C1DE4174200B67ABE /* camera_sampleUITests.swift */ = {isa = PBXFileReference; lastKnownFileType = sourcecode.swift; path = camera_sampleUITests.swift; sourceTree = "<group>"; };
		D225004E1DE4174200B67ABE /* Info.plist */ = {isa = PBXFileReference; lastKnownFileType = text.plist.xml; path = Info.plist; sourceTree = "<group>"; };
		D225005C1DE420CE00B67ABE /* ExtensionViewController.swift */ = {isa = PBXFileReference; fileEncoding = 4; lastKnownFileType = sourcecode.swift; path = ExtensionViewController.swift; sourceTree = "<group>"; };
/* End PBXFileReference section */

/* Begin PBXFrameworksBuildPhase section */
		D22500261DE4174100B67ABE /* Frameworks */ = {
			isa = PBXFrameworksBuildPhase;
			buildActionMask = 2147483647;
			files = (
			);
			runOnlyForDeploymentPostprocessing = 0;
		};
		D225003A1DE4174200B67ABE /* Frameworks */ = {
			isa = PBXFrameworksBuildPhase;
			buildActionMask = 2147483647;
			files = (
			);
			runOnlyForDeploymentPostprocessing = 0;
		};
		D22500451DE4174200B67ABE /* Frameworks */ = {
			isa = PBXFrameworksBuildPhase;
			buildActionMask = 2147483647;
			files = (
			);
			runOnlyForDeploymentPostprocessing = 0;
		};
/* End PBXFrameworksBuildPhase section */

/* Begin PBXGroup section */
		D22500201DE4174100B67ABE = {
			isa = PBXGroup;
			children = (
				D225002B1DE4174200B67ABE /* camera_sample */,
				D22500401DE4174200B67ABE /* camera_sampleTests */,
				D225004B1DE4174200B67ABE /* camera_sampleUITests */,
				D225002A1DE4174200B67ABE /* Products */,
			);
			sourceTree = "<group>";
		};
		D225002A1DE4174200B67ABE /* Products */ = {
			isa = PBXGroup;
			children = (
				D22500291DE4174200B67ABE /* camera_sample.app */,
				D225003D1DE4174200B67ABE /* camera_sampleTests.xctest */,
				D22500481DE4174200B67ABE /* camera_sampleUITests.xctest */,
			);
			name = Products;
			sourceTree = "<group>";
		};
		D225002B1DE4174200B67ABE /* camera_sample */ = {
			isa = PBXGroup;
			children = (
				D225002C1DE4174200B67ABE /* AppDelegate.swift */,
				D225002E1DE4174200B67ABE /* ViewController.swift */,
				D22500301DE4174200B67ABE /* Main.storyboard */,
				D22500331DE4174200B67ABE /* Assets.xcassets */,
				D22500351DE4174200B67ABE /* LaunchScreen.storyboard */,
				D22500381DE4174200B67ABE /* Info.plist */,
				D225005C1DE420CE00B67ABE /* ExtensionViewController.swift */,
			);
			path = camera_sample;
			sourceTree = "<group>";
		};
		D22500401DE4174200B67ABE /* camera_sampleTests */ = {
			isa = PBXGroup;
			children = (
				D22500411DE4174200B67ABE /* camera_sampleTests.swift */,
				D22500431DE4174200B67ABE /* Info.plist */,
			);
			path = camera_sampleTests;
			sourceTree = "<group>";
		};
		D225004B1DE4174200B67ABE /* camera_sampleUITests */ = {
			isa = PBXGroup;
			children = (
				D225004C1DE4174200B67ABE /* camera_sampleUITests.swift */,
				D225004E1DE4174200B67ABE /* Info.plist */,
			);
			path = camera_sampleUITests;
			sourceTree = "<group>";
		};
/* End PBXGroup section */

/* Begin PBXNativeTarget section */
		D22500281DE4174100B67ABE /* camera_sample */ = {
			isa = PBXNativeTarget;
			buildConfigurationList = D22500511DE4174200B67ABE /* Build configuration list for PBXNativeTarget "camera_sample" */;
			buildPhases = (
				D22500251DE4174100B67ABE /* Sources */,
				D22500261DE4174100B67ABE /* Frameworks */,
				D22500271DE4174100B67ABE /* Resources */,
			);
			buildRules = (
			);
			dependencies = (
			);
			name = camera_sample;
			productName = camera_sample;
			productReference = D22500291DE4174200B67ABE /* camera_sample.app */;
			productType = "com.apple.product-type.application";
		};
		D225003C1DE4174200B67ABE /* camera_sampleTests */ = {
			isa = PBXNativeTarget;
			buildConfigurationList = D22500541DE4174200B67ABE /* Build configuration list for PBXNativeTarget "camera_sampleTests" */;
			buildPhases = (
				D22500391DE4174200B67ABE /* Sources */,
				D225003A1DE4174200B67ABE /* Frameworks */,
				D225003B1DE4174200B67ABE /* Resources */,
			);
			buildRules = (
			);
			dependencies = (
				D225003F1DE4174200B67ABE /* PBXTargetDependency */,
			);
			name = camera_sampleTests;
			productName = camera_sampleTests;
			productReference = D225003D1DE4174200B67ABE /* camera_sampleTests.xctest */;
			productType = "com.apple.product-type.bundle.unit-test";
		};
		D22500471DE4174200B67ABE /* camera_sampleUITests */ = {
			isa = PBXNativeTarget;
			buildConfigurationList = D22500571DE4174200B67ABE /* Build configuration list for PBXNativeTarget "camera_sampleUITests" */;
			buildPhases = (
				D22500441DE4174200B67ABE /* Sources */,
				D22500451DE4174200B67ABE /* Frameworks */,
				D22500461DE4174200B67ABE /* Resources */,
			);
			buildRules = (
			);
			dependencies = (
				D225004A1DE4174200B67ABE /* PBXTargetDependency */,
			);
			name = camera_sampleUITests;
			productName = camera_sampleUITests;
			productReference = D22500481DE4174200B67ABE /* camera_sampleUITests.xctest */;
			productType = "com.apple.product-type.bundle.ui-testing";
		};
/* End PBXNativeTarget section */

/* Begin PBXProject section */
		D22500211DE4174100B67ABE /* Project object */ = {
			isa = PBXProject;
			attributes = {
				LastSwiftUpdateCheck = 0810;
				LastUpgradeCheck = 0810;
				ORGANIZATIONNAME = "岡野健三";
				TargetAttributes = {
					D22500281DE4174100B67ABE = {
						CreatedOnToolsVersion = 8.1;
						DevelopmentTeam = UABN6H7C4J;
						ProvisioningStyle = Automatic;
					};
					D225003C1DE4174200B67ABE = {
						CreatedOnToolsVersion = 8.1;
						DevelopmentTeam = UABN6H7C4J;
						ProvisioningStyle = Automatic;
						TestTargetID = D22500281DE4174100B67ABE;
					};
					D22500471DE4174200B67ABE = {
						CreatedOnToolsVersion = 8.1;
						DevelopmentTeam = UABN6H7C4J;
						ProvisioningStyle = Automatic;
						TestTargetID = D22500281DE4174100B67ABE;
					};
				};
			};
			buildConfigurationList = D22500241DE4174100B67ABE /* Build configuration list for PBXProject "camera_sample" */;
			compatibilityVersion = "Xcode 3.2";
			developmentRegion = English;
			hasScannedForEncodings = 0;
			knownRegions = (
				en,
				Base,
			);
			mainGroup = D22500201DE4174100B67ABE;
			productRefGroup = D225002A1DE4174200B67ABE /* Products */;
			projectDirPath = "";
			projectRoot = "";
			targets = (
				D22500281DE4174100B67ABE /* camera_sample */,
				D225003C1DE4174200B67ABE /* camera_sampleTests */,
				D22500471DE4174200B67ABE /* camera_sampleUITests */,
			);
		};
/* End PBXProject section */

/* Begin PBXResourcesBuildPhase section */
		D22500271DE4174100B67ABE /* Resources */ = {
			isa = PBXResourcesBuildPhase;
			buildActionMask = 2147483647;
			files = (
				D22500371DE4174200B67ABE /* LaunchScreen.storyboard in Resources */,
				D22500341DE4174200B67ABE /* Assets.xcassets in Resources */,
				D22500321DE4174200B67ABE /* Main.storyboard in Resources */,
			);
			runOnlyForDeploymentPostprocessing = 0;
		};
		D225003B1DE4174200B67ABE /* Resources */ = {
			isa = PBXResourcesBuildPhase;
			buildActionMask = 2147483647;
			files = (
			);
			runOnlyForDeploymentPostprocessing = 0;
		};
		D22500461DE4174200B67ABE /* Resources */ = {
			isa = PBXResourcesBuildPhase;
			buildActionMask = 2147483647;
			files = (
			);
			runOnlyForDeploymentPostprocessing = 0;
		};
/* End PBXResourcesBuildPhase section */

/* Begin PBXSourcesBuildPhase section */
		D22500251DE4174100B67ABE /* Sources */ = {
			isa = PBXSourcesBuildPhase;
			buildActionMask = 2147483647;
			files = (
				D225002F1DE4174200B67ABE /* ViewController.swift in Sources */,
				D225002D1DE4174200B67ABE /* AppDelegate.swift in Sources */,
				D225005D1DE420CE00B67ABE /* ExtensionViewController.swift in Sources */,
			);
			runOnlyForDeploymentPostprocessing = 0;
		};
		D22500391DE4174200B67ABE /* Sources */ = {
			isa = PBXSourcesBuildPhase;
			buildActionMask = 2147483647;
			files = (
				D22500421DE4174200B67ABE /* camera_sampleTests.swift in Sources */,
			);
			runOnlyForDeploymentPostprocessing = 0;
		};
		D22500441DE4174200B67ABE /* Sources */ = {
			isa = PBXSourcesBuildPhase;
			buildActionMask = 2147483647;
			files = (
				D225004D1DE4174200B67ABE /* camera_sampleUITests.swift in Sources */,
			);
			runOnlyForDeploymentPostprocessing = 0;
		};
/* End PBXSourcesBuildPhase section */

/* Begin PBXTargetDependency section */
		D225003F1DE4174200B67ABE /* PBXTargetDependency */ = {
			isa = PBXTargetDependency;
			target = D22500281DE4174100B67ABE /* camera_sample */;
			targetProxy = D225003E1DE4174200B67ABE /* PBXContainerItemProxy */;
		};
		D225004A1DE4174200B67ABE /* PBXTargetDependency */ = {
			isa = PBXTargetDependency;
			target = D22500281DE4174100B67ABE /* camera_sample */;
			targetProxy = D22500491DE4174200B67ABE /* PBXContainerItemProxy */;
		};
/* End PBXTargetDependency section */

/* Begin PBXVariantGroup section */
		D22500301DE4174200B67ABE /* Main.storyboard */ = {
			isa = PBXVariantGroup;
			children = (
				D22500311DE4174200B67ABE /* Base */,
			);
			name = Main.storyboard;
			sourceTree = "<group>";
		};
		D22500351DE4174200B67ABE /* LaunchScreen.storyboard */ = {
			isa = PBXVariantGroup;
			children = (
				D22500361DE4174200B67ABE /* Base */,
			);
			name = LaunchScreen.storyboard;
			sourceTree = "<group>";
		};
/* End PBXVariantGroup section */

/* Begin XCBuildConfiguration section */
		D225004F1DE4174200B67ABE /* Debug */ = {
			isa = XCBuildConfiguration;
			buildSettings = {
				ALWAYS_SEARCH_USER_PATHS = NO;
				CLANG_ANALYZER_NONNULL = YES;
				CLANG_CXX_LANGUAGE_STANDARD = "gnu++0x";
				CLANG_CXX_LIBRARY = "libc++";
				CLANG_ENABLE_MODULES = YES;
				CLANG_ENABLE_OBJC_ARC = YES;
				CLANG_WARN_BOOL_CONVERSION = YES;
				CLANG_WARN_CONSTANT_CONVERSION = YES;
				CLANG_WARN_DIRECT_OBJC_ISA_USAGE = YES_ERROR;
				CLANG_WARN_DOCUMENTATION_COMMENTS = YES;
				CLANG_WARN_EMPTY_BODY = YES;
				CLANG_WARN_ENUM_CONVERSION = YES;
				CLANG_WARN_INFINITE_RECURSION = YES;
				CLANG_WARN_INT_CONVERSION = YES;
				CLANG_WARN_OBJC_ROOT_CLASS = YES_ERROR;
				CLANG_WARN_SUSPICIOUS_MOVES = YES;
				CLANG_WARN_UNREACHABLE_CODE = YES;
				CLANG_WARN__DUPLICATE_METHOD_MATCH = YES;
				"CODE_SIGN_IDENTITY[sdk=iphoneos*]" = "iPhone Developer";
				COPY_PHASE_STRIP = NO;
				DEBUG_INFORMATION_FORMAT = dwarf;
				ENABLE_STRICT_OBJC_MSGSEND = YES;
				ENABLE_TESTABILITY = YES;
				GCC_C_LANGUAGE_STANDARD = gnu99;
				GCC_DYNAMIC_NO_PIC = NO;
				GCC_NO_COMMON_BLOCKS = YES;
				GCC_OPTIMIZATION_LEVEL = 0;
				GCC_PREPROCESSOR_DEFINITIONS = (
					"DEBUG=1",
					"$(inherited)",
				);
				GCC_WARN_64_TO_32_BIT_CONVERSION = YES;
				GCC_WARN_ABOUT_RETURN_TYPE = YES_ERROR;
				GCC_WARN_UNDECLARED_SELECTOR = YES;
				GCC_WARN_UNINITIALIZED_AUTOS = YES_AGGRESSIVE;
				GCC_WARN_UNUSED_FUNCTION = YES;
				GCC_WARN_UNUSED_VARIABLE = YES;
				IPHONEOS_DEPLOYMENT_TARGET = 10.1;
				MTL_ENABLE_DEBUG_INFO = YES;
				ONLY_ACTIVE_ARCH = YES;
				SDKROOT = iphoneos;
				SWIFT_ACTIVE_COMPILATION_CONDITIONS = DEBUG;
				SWIFT_OPTIMIZATION_LEVEL = "-Onone";
			};
			name = Debug;
		};
		D22500501DE4174200B67ABE /* Release */ = {
			isa = XCBuildConfiguration;
			buildSettings = {
				ALWAYS_SEARCH_USER_PATHS = NO;
				CLANG_ANALYZER_NONNULL = YES;
				CLANG_CXX_LANGUAGE_STANDARD = "gnu++0x";
				CLANG_CXX_LIBRARY = "libc++";
				CLANG_ENABLE_MODULES = YES;
				CLANG_ENABLE_OBJC_ARC = YES;
				CLANG_WARN_BOOL_CONVERSION = YES;
				CLANG_WARN_CONSTANT_CONVERSION = YES;
				CLANG_WARN_DIRECT_OBJC_ISA_USAGE = YES_ERROR;
				CLANG_WARN_DOCUMENTATION_COMMENTS = YES;
				CLANG_WARN_EMPTY_BODY = YES;
				CLANG_WARN_ENUM_CONVERSION = YES;
				CLANG_WARN_INFINITE_RECURSION = YES;
				CLANG_WARN_INT_CONVERSION = YES;
				CLANG_WARN_OBJC_ROOT_CLASS = YES_ERROR;
				CLANG_WARN_SUSPICIOUS_MOVES = YES;
				CLANG_WARN_UNREACHABLE_CODE = YES;
				CLANG_WARN__DUPLICATE_METHOD_MATCH = YES;
				"CODE_SIGN_IDENTITY[sdk=iphoneos*]" = "iPhone Developer";
				COPY_PHASE_STRIP = NO;
				DEBUG_INFORMATION_FORMAT = "dwarf-with-dsym";
				ENABLE_NS_ASSERTIONS = NO;
				ENABLE_STRICT_OBJC_MSGSEND = YES;
				GCC_C_LANGUAGE_STANDARD = gnu99;
				GCC_NO_COMMON_BLOCKS = YES;
				GCC_WARN_64_TO_32_BIT_CONVERSION = YES;
				GCC_WARN_ABOUT_RETURN_TYPE = YES_ERROR;
				GCC_WARN_UNDECLARED_SELECTOR = YES;
				GCC_WARN_UNINITIALIZED_AUTOS = YES_AGGRESSIVE;
				GCC_WARN_UNUSED_FUNCTION = YES;
				GCC_WARN_UNUSED_VARIABLE = YES;
				IPHONEOS_DEPLOYMENT_TARGET = 10.1;
				MTL_ENABLE_DEBUG_INFO = NO;
				SDKROOT = iphoneos;
				SWIFT_OPTIMIZATION_LEVEL = "-Owholemodule";
				VALIDATE_PRODUCT = YES;
			};
			name = Release;
		};
		D22500521DE4174200B67ABE /* Debug */ = {
			isa = XCBuildConfiguration;
			buildSettings = {
				ASSETCATALOG_COMPILER_APPICON_NAME = AppIcon;
				DEVELOPMENT_TEAM = UABN6H7C4J;
				INFOPLIST_FILE = camera_sample/Info.plist;
				IPHONEOS_DEPLOYMENT_TARGET = 10.0;
				LD_RUNPATH_SEARCH_PATHS = "$(inherited) @executable_path/Frameworks";
				PRODUCT_BUNDLE_IDENTIFIER = "iphone.camera-sample";
				PRODUCT_NAME = "$(TARGET_NAME)";
				SWIFT_VERSION = 3.0;
			};
			name = Debug;
		};
		D22500531DE4174200B67ABE /* Release */ = {
			isa = XCBuildConfiguration;
			buildSettings = {
				ASSETCATALOG_COMPILER_APPICON_NAME = AppIcon;
				DEVELOPMENT_TEAM = UABN6H7C4J;
				INFOPLIST_FILE = camera_sample/Info.plist;
				IPHONEOS_DEPLOYMENT_TARGET = 10.0;
				LD_RUNPATH_SEARCH_PATHS = "$(inherited) @executable_path/Frameworks";
				PRODUCT_BUNDLE_IDENTIFIER = "iphone.camera-sample";
				PRODUCT_NAME = "$(TARGET_NAME)";
				SWIFT_VERSION = 3.0;
			};
			name = Release;
		};
		D22500551DE4174200B67ABE /* Debug */ = {
			isa = XCBuildConfiguration;
			buildSettings = {
				ALWAYS_EMBED_SWIFT_STANDARD_LIBRARIES = YES;
				BUNDLE_LOADER = "$(TEST_HOST)";
				DEVELOPMENT_TEAM = UABN6H7C4J;
				INFOPLIST_FILE = camera_sampleTests/Info.plist;
				LD_RUNPATH_SEARCH_PATHS = "$(inherited) @executable_path/Frameworks @loader_path/Frameworks";
				PRODUCT_BUNDLE_IDENTIFIER = "iphone.camera-sampleTests";
				PRODUCT_NAME = "$(TARGET_NAME)";
				SWIFT_VERSION = 3.0;
				TEST_HOST = "$(BUILT_PRODUCTS_DIR)/camera_sample.app/camera_sample";
			};
			name = Debug;
		};
		D22500561DE4174200B67ABE /* Release */ = {
			isa = XCBuildConfiguration;
			buildSettings = {
				ALWAYS_EMBED_SWIFT_STANDARD_LIBRARIES = YES;
				BUNDLE_LOADER = "$(TEST_HOST)";
				DEVELOPMENT_TEAM = UABN6H7C4J;
				INFOPLIST_FILE = camera_sampleTests/Info.plist;
				LD_RUNPATH_SEARCH_PATHS = "$(inherited) @executable_path/Frameworks @loader_path/Frameworks";
				PRODUCT_BUNDLE_IDENTIFIER = "iphone.camera-sampleTests";
				PRODUCT_NAME = "$(TARGET_NAME)";
				SWIFT_VERSION = 3.0;
				TEST_HOST = "$(BUILT_PRODUCTS_DIR)/camera_sample.app/camera_sample";
			};
			name = Release;
		};
		D22500581DE4174200B67ABE /* Debug */ = {
			isa = XCBuildConfiguration;
			buildSettings = {
				ALWAYS_EMBED_SWIFT_STANDARD_LIBRARIES = YES;
				DEVELOPMENT_TEAM = UABN6H7C4J;
				INFOPLIST_FILE = camera_sampleUITests/Info.plist;
				LD_RUNPATH_SEARCH_PATHS = "$(inherited) @executable_path/Frameworks @loader_path/Frameworks";
				PRODUCT_BUNDLE_IDENTIFIER = "iphone.camera-sampleUITests";
				PRODUCT_NAME = "$(TARGET_NAME)";
				SWIFT_VERSION = 3.0;
				TEST_TARGET_NAME = camera_sample;
			};
			name = Debug;
		};
		D22500591DE4174200B67ABE /* Release */ = {
			isa = XCBuildConfiguration;
			buildSettings = {
				ALWAYS_EMBED_SWIFT_STANDARD_LIBRARIES = YES;
				DEVELOPMENT_TEAM = UABN6H7C4J;
				INFOPLIST_FILE = camera_sampleUITests/Info.plist;
				LD_RUNPATH_SEARCH_PATHS = "$(inherited) @executable_path/Frameworks @loader_path/Frameworks";
				PRODUCT_BUNDLE_IDENTIFIER = "iphone.camera-sampleUITests";
				PRODUCT_NAME = "$(TARGET_NAME)";
				SWIFT_VERSION = 3.0;
				TEST_TARGET_NAME = camera_sample;
			};
			name = Release;
		};
/* End XCBuildConfiguration section */

/* Begin XCConfigurationList section */
		D22500241DE4174100B67ABE /* Build configuration list for PBXProject "camera_sample" */ = {
			isa = XCConfigurationList;
			buildConfigurations = (
				D225004F1DE4174200B67ABE /* Debug */,
				D22500501DE4174200B67ABE /* Release */,
			);
			defaultConfigurationIsVisible = 0;
			defaultConfigurationName = Release;
		};
		D22500511DE4174200B67ABE /* Build configuration list for PBXNativeTarget "camera_sample" */ = {
			isa = XCConfigurationList;
			buildConfigurations = (
				D22500521DE4174200B67ABE /* Debug */,
				D22500531DE4174200B67ABE /* Release */,
			);
			defaultConfigurationIsVisible = 0;
		};
		D22500541DE4174200B67ABE /* Build configuration list for PBXNativeTarget "camera_sampleTests" */ = {
			isa = XCConfigurationList;
			buildConfigurations = (
				D22500551DE4174200B67ABE /* Debug */,
				D22500561DE4174200B67ABE /* Release */,
			);
			defaultConfigurationIsVisible = 0;
		};
		D22500571DE4174200B67ABE /* Build configuration list for PBXNativeTarget "camera_sampleUITests" */ = {
			isa = XCConfigurationList;
			buildConfigurations = (
				D22500581DE4174200B67ABE /* Debug */,
				D22500591DE4174200B67ABE /* Release */,
			);
			defaultConfigurationIsVisible = 0;
		};
/* End XCConfigurationList section */
	};
	rootObject = D22500211DE4174100B67ABE /* Project object */;
}
