// !$*UTF8*$!
{
	archiveVersion = 1;
	classes = {
	};
	objectVersion = 46;
	objects = {

/* Begin PBXBuildFile section */
		D2564C7F1DE2FA060008A044 /* AppDelegate.swift in Sources */ = {isa = PBXBuildFile; fileRef = D2564C7E1DE2FA060008A044 /* AppDelegate.swift */; };
		D2564C811DE2FA060008A044 /* ViewController.swift in Sources */ = {isa = PBXBuildFile; fileRef = D2564C801DE2FA060008A044 /* ViewController.swift */; };
		D2564C841DE2FA060008A044 /* Main.storyboard in Resources */ = {isa = PBXBuildFile; fileRef = D2564C821DE2FA060008A044 /* Main.storyboard */; };
		D2564C861DE2FA060008A044 /* Assets.xcassets in Resources */ = {isa = PBXBuildFile; fileRef = D2564C851DE2FA060008A044 /* Assets.xcassets */; };
		D2564C891DE2FA060008A044 /* LaunchScreen.storyboard in Resources */ = {isa = PBXBuildFile; fileRef = D2564C871DE2FA060008A044 /* LaunchScreen.storyboard */; };
		D2564C941DE2FA060008A044 /* Square_sampleTests.swift in Sources */ = {isa = PBXBuildFile; fileRef = D2564C931DE2FA060008A044 /* Square_sampleTests.swift */; };
		D2564C9F1DE2FA070008A044 /* Square_sampleUITests.swift in Sources */ = {isa = PBXBuildFile; fileRef = D2564C9E1DE2FA070008A044 /* Square_sampleUITests.swift */; };
/* End PBXBuildFile section */

/* Begin PBXContainerItemProxy section */
		D2564C901DE2FA060008A044 /* PBXContainerItemProxy */ = {
			isa = PBXContainerItemProxy;
			containerPortal = D2564C731DE2FA060008A044 /* Project object */;
			proxyType = 1;
			remoteGlobalIDString = D2564C7A1DE2FA060008A044;
			remoteInfo = Square_sample;
		};
		D2564C9B1DE2FA070008A044 /* PBXContainerItemProxy */ = {
			isa = PBXContainerItemProxy;
			containerPortal = D2564C731DE2FA060008A044 /* Project object */;
			proxyType = 1;
			remoteGlobalIDString = D2564C7A1DE2FA060008A044;
			remoteInfo = Square_sample;
		};
/* End PBXContainerItemProxy section */

/* Begin PBXFileReference section */
		D2564C7B1DE2FA060008A044 /* Square_sample.app */ = {isa = PBXFileReference; explicitFileType = wrapper.application; includeInIndex = 0; path = Square_sample.app; sourceTree = BUILT_PRODUCTS_DIR; };
		D2564C7E1DE2FA060008A044 /* AppDelegate.swift */ = {isa = PBXFileReference; lastKnownFileType = sourcecode.swift; path = AppDelegate.swift; sourceTree = "<group>"; };
		D2564C801DE2FA060008A044 /* ViewController.swift */ = {isa = PBXFileReference; lastKnownFileType = sourcecode.swift; path = ViewController.swift; sourceTree = "<group>"; };
		D2564C831DE2FA060008A044 /* Base */ = {isa = PBXFileReference; lastKnownFileType = file.storyboard; name = Base; path = Base.lproj/Main.storyboard; sourceTree = "<group>"; };
		D2564C851DE2FA060008A044 /* Assets.xcassets */ = {isa = PBXFileReference; lastKnownFileType = folder.assetcatalog; path = Assets.xcassets; sourceTree = "<group>"; };
		D2564C881DE2FA060008A044 /* Base */ = {isa = PBXFileReference; lastKnownFileType = file.storyboard; name = Base; path = Base.lproj/LaunchScreen.storyboard; sourceTree = "<group>"; };
		D2564C8A1DE2FA060008A044 /* Info.plist */ = {isa = PBXFileReference; lastKnownFileType = text.plist.xml; path = Info.plist; sourceTree = "<group>"; };
		D2564C8F1DE2FA060008A044 /* Square_sampleTests.xctest */ = {isa = PBXFileReference; explicitFileType = wrapper.cfbundle; includeInIndex = 0; path = Square_sampleTests.xctest; sourceTree = BUILT_PRODUCTS_DIR; };
		D2564C931DE2FA060008A044 /* Square_sampleTests.swift */ = {isa = PBXFileReference; lastKnownFileType = sourcecode.swift; path = Square_sampleTests.swift; sourceTree = "<group>"; };
		D2564C951DE2FA070008A044 /* Info.plist */ = {isa = PBXFileReference; lastKnownFileType = text.plist.xml; path = Info.plist; sourceTree = "<group>"; };
		D2564C9A1DE2FA070008A044 /* Square_sampleUITests.xctest */ = {isa = PBXFileReference; explicitFileType = wrapper.cfbundle; includeInIndex = 0; path = Square_sampleUITests.xctest; sourceTree = BUILT_PRODUCTS_DIR; };
		D2564C9E1DE2FA070008A044 /* Square_sampleUITests.swift */ = {isa = PBXFileReference; lastKnownFileType = sourcecode.swift; path = Square_sampleUITests.swift; sourceTree = "<group>"; };
		D2564CA01DE2FA070008A044 /* Info.plist */ = {isa = PBXFileReference; lastKnownFileType = text.plist.xml; path = Info.plist; sourceTree = "<group>"; };
/* End PBXFileReference section */

/* Begin PBXFrameworksBuildPhase section */
		D2564C781DE2FA060008A044 /* Frameworks */ = {
			isa = PBXFrameworksBuildPhase;
			buildActionMask = 2147483647;
			files = (
			);
			runOnlyForDeploymentPostprocessing = 0;
		};
		D2564C8C1DE2FA060008A044 /* Frameworks */ = {
			isa = PBXFrameworksBuildPhase;
			buildActionMask = 2147483647;
			files = (
			);
			runOnlyForDeploymentPostprocessing = 0;
		};
		D2564C971DE2FA070008A044 /* Frameworks */ = {
			isa = PBXFrameworksBuildPhase;
			buildActionMask = 2147483647;
			files = (
			);
			runOnlyForDeploymentPostprocessing = 0;
		};
/* End PBXFrameworksBuildPhase section */

/* Begin PBXGroup section */
		D2564C721DE2FA060008A044 = {
			isa = PBXGroup;
			children = (
				D2564C7D1DE2FA060008A044 /* Square_sample */,
				D2564C921DE2FA060008A044 /* Square_sampleTests */,
				D2564C9D1DE2FA070008A044 /* Square_sampleUITests */,
				D2564C7C1DE2FA060008A044 /* Products */,
			);
			sourceTree = "<group>";
		};
		D2564C7C1DE2FA060008A044 /* Products */ = {
			isa = PBXGroup;
			children = (
				D2564C7B1DE2FA060008A044 /* Square_sample.app */,
				D2564C8F1DE2FA060008A044 /* Square_sampleTests.xctest */,
				D2564C9A1DE2FA070008A044 /* Square_sampleUITests.xctest */,
			);
			name = Products;
			sourceTree = "<group>";
		};
		D2564C7D1DE2FA060008A044 /* Square_sample */ = {
			isa = PBXGroup;
			children = (
				D2564C7E1DE2FA060008A044 /* AppDelegate.swift */,
				D2564C801DE2FA060008A044 /* ViewController.swift */,
				D2564C821DE2FA060008A044 /* Main.storyboard */,
				D2564C851DE2FA060008A044 /* Assets.xcassets */,
				D2564C871DE2FA060008A044 /* LaunchScreen.storyboard */,
				D2564C8A1DE2FA060008A044 /* Info.plist */,
			);
			path = Square_sample;
			sourceTree = "<group>";
		};
		D2564C921DE2FA060008A044 /* Square_sampleTests */ = {
			isa = PBXGroup;
			children = (
				D2564C931DE2FA060008A044 /* Square_sampleTests.swift */,
				D2564C951DE2FA070008A044 /* Info.plist */,
			);
			path = Square_sampleTests;
			sourceTree = "<group>";
		};
		D2564C9D1DE2FA070008A044 /* Square_sampleUITests */ = {
			isa = PBXGroup;
			children = (
				D2564C9E1DE2FA070008A044 /* Square_sampleUITests.swift */,
				D2564CA01DE2FA070008A044 /* Info.plist */,
			);
			path = Square_sampleUITests;
			sourceTree = "<group>";
		};
/* End PBXGroup section */

/* Begin PBXNativeTarget section */
		D2564C7A1DE2FA060008A044 /* Square_sample */ = {
			isa = PBXNativeTarget;
			buildConfigurationList = D2564CA31DE2FA070008A044 /* Build configuration list for PBXNativeTarget "Square_sample" */;
			buildPhases = (
				D2564C771DE2FA060008A044 /* Sources */,
				D2564C781DE2FA060008A044 /* Frameworks */,
				D2564C791DE2FA060008A044 /* Resources */,
			);
			buildRules = (
			);
			dependencies = (
			);
			name = Square_sample;
			productName = Square_sample;
			productReference = D2564C7B1DE2FA060008A044 /* Square_sample.app */;
			productType = "com.apple.product-type.application";
		};
		D2564C8E1DE2FA060008A044 /* Square_sampleTests */ = {
			isa = PBXNativeTarget;
			buildConfigurationList = D2564CA61DE2FA070008A044 /* Build configuration list for PBXNativeTarget "Square_sampleTests" */;
			buildPhases = (
				D2564C8B1DE2FA060008A044 /* Sources */,
				D2564C8C1DE2FA060008A044 /* Frameworks */,
				D2564C8D1DE2FA060008A044 /* Resources */,
			);
			buildRules = (
			);
			dependencies = (
				D2564C911DE2FA060008A044 /* PBXTargetDependency */,
			);
			name = Square_sampleTests;
			productName = Square_sampleTests;
			productReference = D2564C8F1DE2FA060008A044 /* Square_sampleTests.xctest */;
			productType = "com.apple.product-type.bundle.unit-test";
		};
		D2564C991DE2FA070008A044 /* Square_sampleUITests */ = {
			isa = PBXNativeTarget;
			buildConfigurationList = D2564CA91DE2FA070008A044 /* Build configuration list for PBXNativeTarget "Square_sampleUITests" */;
			buildPhases = (
				D2564C961DE2FA070008A044 /* Sources */,
				D2564C971DE2FA070008A044 /* Frameworks */,
				D2564C981DE2FA070008A044 /* Resources */,
			);
			buildRules = (
			);
			dependencies = (
				D2564C9C1DE2FA070008A044 /* PBXTargetDependency */,
			);
			name = Square_sampleUITests;
			productName = Square_sampleUITests;
			productReference = D2564C9A1DE2FA070008A044 /* Square_sampleUITests.xctest */;
			productType = "com.apple.product-type.bundle.ui-testing";
		};
/* End PBXNativeTarget section */

/* Begin PBXProject section */
		D2564C731DE2FA060008A044 /* Project object */ = {
			isa = PBXProject;
			attributes = {
				LastSwiftUpdateCheck = 0810;
				LastUpgradeCheck = 0810;
				ORGANIZATIONNAME = "岡野健三";
				TargetAttributes = {
					D2564C7A1DE2FA060008A044 = {
						CreatedOnToolsVersion = 8.1;
						DevelopmentTeam = UABN6H7C4J;
						ProvisioningStyle = Automatic;
					};
					D2564C8E1DE2FA060008A044 = {
						CreatedOnToolsVersion = 8.1;
						ProvisioningStyle = Automatic;
						TestTargetID = D2564C7A1DE2FA060008A044;
					};
					D2564C991DE2FA070008A044 = {
						CreatedOnToolsVersion = 8.1;
						ProvisioningStyle = Automatic;
						TestTargetID = D2564C7A1DE2FA060008A044;
					};
				};
			};
			buildConfigurationList = D2564C761DE2FA060008A044 /* Build configuration list for PBXProject "Square_sample" */;
			compatibilityVersion = "Xcode 3.2";
			developmentRegion = English;
			hasScannedForEncodings = 0;
			knownRegions = (
				en,
				Base,
			);
			mainGroup = D2564C721DE2FA060008A044;
			productRefGroup = D2564C7C1DE2FA060008A044 /* Products */;
			projectDirPath = "";
			projectRoot = "";
			targets = (
				D2564C7A1DE2FA060008A044 /* Square_sample */,
				D2564C8E1DE2FA060008A044 /* Square_sampleTests */,
				D2564C991DE2FA070008A044 /* Square_sampleUITests */,
			);
		};
/* End PBXProject section */

/* Begin PBXResourcesBuildPhase section */
		D2564C791DE2FA060008A044 /* Resources */ = {
			isa = PBXResourcesBuildPhase;
			buildActionMask = 2147483647;
			files = (
				D2564C891DE2FA060008A044 /* LaunchScreen.storyboard in Resources */,
				D2564C861DE2FA060008A044 /* Assets.xcassets in Resources */,
				D2564C841DE2FA060008A044 /* Main.storyboard in Resources */,
			);
			runOnlyForDeploymentPostprocessing = 0;
		};
		D2564C8D1DE2FA060008A044 /* Resources */ = {
			isa = PBXResourcesBuildPhase;
			buildActionMask = 2147483647;
			files = (
			);
			runOnlyForDeploymentPostprocessing = 0;
		};
		D2564C981DE2FA070008A044 /* Resources */ = {
			isa = PBXResourcesBuildPhase;
			buildActionMask = 2147483647;
			files = (
			);
			runOnlyForDeploymentPostprocessing = 0;
		};
/* End PBXResourcesBuildPhase section */

/* Begin PBXSourcesBuildPhase section */
		D2564C771DE2FA060008A044 /* Sources */ = {
			isa = PBXSourcesBuildPhase;
			buildActionMask = 2147483647;
			files = (
				D2564C811DE2FA060008A044 /* ViewController.swift in Sources */,
				D2564C7F1DE2FA060008A044 /* AppDelegate.swift in Sources */,
			);
			runOnlyForDeploymentPostprocessing = 0;
		};
		D2564C8B1DE2FA060008A044 /* Sources */ = {
			isa = PBXSourcesBuildPhase;
			buildActionMask = 2147483647;
			files = (
				D2564C941DE2FA060008A044 /* Square_sampleTests.swift in Sources */,
			);
			runOnlyForDeploymentPostprocessing = 0;
		};
		D2564C961DE2FA070008A044 /* Sources */ = {
			isa = PBXSourcesBuildPhase;
			buildActionMask = 2147483647;
			files = (
				D2564C9F1DE2FA070008A044 /* Square_sampleUITests.swift in Sources */,
			);
			runOnlyForDeploymentPostprocessing = 0;
		};
/* End PBXSourcesBuildPhase section */

/* Begin PBXTargetDependency section */
		D2564C911DE2FA060008A044 /* PBXTargetDependency */ = {
			isa = PBXTargetDependency;
			target = D2564C7A1DE2FA060008A044 /* Square_sample */;
			targetProxy = D2564C901DE2FA060008A044 /* PBXContainerItemProxy */;
		};
		D2564C9C1DE2FA070008A044 /* PBXTargetDependency */ = {
			isa = PBXTargetDependency;
			target = D2564C7A1DE2FA060008A044 /* Square_sample */;
			targetProxy = D2564C9B1DE2FA070008A044 /* PBXContainerItemProxy */;
		};
/* End PBXTargetDependency section */

/* Begin PBXVariantGroup section */
		D2564C821DE2FA060008A044 /* Main.storyboard */ = {
			isa = PBXVariantGroup;
			children = (
				D2564C831DE2FA060008A044 /* Base */,
			);
			name = Main.storyboard;
			sourceTree = "<group>";
		};
		D2564C871DE2FA060008A044 /* LaunchScreen.storyboard */ = {
			isa = PBXVariantGroup;
			children = (
				D2564C881DE2FA060008A044 /* Base */,
			);
			name = LaunchScreen.storyboard;
			sourceTree = "<group>";
		};
/* End PBXVariantGroup section */

/* Begin XCBuildConfiguration section */
		D2564CA11DE2FA070008A044 /* Debug */ = {
			isa = XCBuildConfiguration;
			buildSettings = {
				ALWAYS_SEARCH_USER_PATHS = NO;
				CLANG_ANALYZER_NONNULL = YES;
				CLANG_CXX_LANGUAGE_STANDARD = "gnu++0x";
				CLANG_CXX_LIBRARY = "libc++";
				CLANG_ENABLE_MODULES = YES;
				CLANG_ENABLE_OBJC_ARC = YES;
				CLANG_WARN_BOOL_CONVERSION = YES;
				CLANG_WARN_CONSTANT_CONVERSION = YES;
				CLANG_WARN_DIRECT_OBJC_ISA_USAGE = YES_ERROR;
				CLANG_WARN_DOCUMENTATION_COMMENTS = YES;
				CLANG_WARN_EMPTY_BODY = YES;
				CLANG_WARN_ENUM_CONVERSION = YES;
				CLANG_WARN_INFINITE_RECURSION = YES;
				CLANG_WARN_INT_CONVERSION = YES;
				CLANG_WARN_OBJC_ROOT_CLASS = YES_ERROR;
				CLANG_WARN_SUSPICIOUS_MOVES = YES;
				CLANG_WARN_UNREACHABLE_CODE = YES;
				CLANG_WARN__DUPLICATE_METHOD_MATCH = YES;
				"CODE_SIGN_IDENTITY[sdk=iphoneos*]" = "iPhone Developer";
				COPY_PHASE_STRIP = NO;
				DEBUG_INFORMATION_FORMAT = dwarf;
				ENABLE_STRICT_OBJC_MSGSEND = YES;
				ENABLE_TESTABILITY = YES;
				GCC_C_LANGUAGE_STANDARD = gnu99;
				GCC_DYNAMIC_NO_PIC = NO;
				GCC_NO_COMMON_BLOCKS = YES;
				GCC_OPTIMIZATION_LEVEL = 0;
				GCC_PREPROCESSOR_DEFINITIONS = (
					"DEBUG=1",
					"$(inherited)",
				);
				GCC_WARN_64_TO_32_BIT_CONVERSION = YES;
				GCC_WARN_ABOUT_RETURN_TYPE = YES_ERROR;
				GCC_WARN_UNDECLARED_SELECTOR = YES;
				GCC_WARN_UNINITIALIZED_AUTOS = YES_AGGRESSIVE;
				GCC_WARN_UNUSED_FUNCTION = YES;
				GCC_WARN_UNUSED_VARIABLE = YES;
				IPHONEOS_DEPLOYMENT_TARGET = 10.1;
				MTL_ENABLE_DEBUG_INFO = YES;
				ONLY_ACTIVE_ARCH = YES;
				SDKROOT = iphoneos;
				SWIFT_ACTIVE_COMPILATION_CONDITIONS = DEBUG;
				SWIFT_OPTIMIZATION_LEVEL = "-Onone";
			};
			name = Debug;
		};
		D2564CA21DE2FA070008A044 /* Release */ = {
			isa = XCBuildConfiguration;
			buildSettings = {
				ALWAYS_SEARCH_USER_PATHS = NO;
				CLANG_ANALYZER_NONNULL = YES;
				CLANG_CXX_LANGUAGE_STANDARD = "gnu++0x";
				CLANG_CXX_LIBRARY = "libc++";
				CLANG_ENABLE_MODULES = YES;
				CLANG_ENABLE_OBJC_ARC = YES;
				CLANG_WARN_BOOL_CONVERSION = YES;
				CLANG_WARN_CONSTANT_CONVERSION = YES;
				CLANG_WARN_DIRECT_OBJC_ISA_USAGE = YES_ERROR;
				CLANG_WARN_DOCUMENTATION_COMMENTS = YES;
				CLANG_WARN_EMPTY_BODY = YES;
				CLANG_WARN_ENUM_CONVERSION = YES;
				CLANG_WARN_INFINITE_RECURSION = YES;
				CLANG_WARN_INT_CONVERSION = YES;
				CLANG_WARN_OBJC_ROOT_CLASS = YES_ERROR;
				CLANG_WARN_SUSPICIOUS_MOVES = YES;
				CLANG_WARN_UNREACHABLE_CODE = YES;
				CLANG_WARN__DUPLICATE_METHOD_MATCH = YES;
				"CODE_SIGN_IDENTITY[sdk=iphoneos*]" = "iPhone Developer";
				COPY_PHASE_STRIP = NO;
				DEBUG_INFORMATION_FORMAT = "dwarf-with-dsym";
				ENABLE_NS_ASSERTIONS = NO;
				ENABLE_STRICT_OBJC_MSGSEND = YES;
				GCC_C_LANGUAGE_STANDARD = gnu99;
				GCC_NO_COMMON_BLOCKS = YES;
				GCC_WARN_64_TO_32_BIT_CONVERSION = YES;
				GCC_WARN_ABOUT_RETURN_TYPE = YES_ERROR;
				GCC_WARN_UNDECLARED_SELECTOR = YES;
				GCC_WARN_UNINITIALIZED_AUTOS = YES_AGGRESSIVE;
				GCC_WARN_UNUSED_FUNCTION = YES;
				GCC_WARN_UNUSED_VARIABLE = YES;
				IPHONEOS_DEPLOYMENT_TARGET = 10.1;
				MTL_ENABLE_DEBUG_INFO = NO;
				SDKROOT = iphoneos;
				SWIFT_OPTIMIZATION_LEVEL = "-Owholemodule";
				VALIDATE_PRODUCT = YES;
			};
			name = Release;
		};
		D2564CA41DE2FA070008A044 /* Debug */ = {
			isa = XCBuildConfiguration;
			buildSettings = {
				ASSETCATALOG_COMPILER_APPICON_NAME = AppIcon;
				"CODE_SIGN_IDENTITY[sdk=iphoneos*]" = "iPhone Developer";
				DEVELOPMENT_TEAM = UABN6H7C4J;
				INFOPLIST_FILE = Square_sample/Info.plist;
				IPHONEOS_DEPLOYMENT_TARGET = 10.0;
				LD_RUNPATH_SEARCH_PATHS = "$(inherited) @executable_path/Frameworks";
				PRODUCT_BUNDLE_IDENTIFIER = "iphone.Square-sample";
				PRODUCT_NAME = "$(TARGET_NAME)";
				SWIFT_VERSION = 3.0;
				TARGETED_DEVICE_FAMILY = 1;
			};
			name = Debug;
		};
		D2564CA51DE2FA070008A044 /* Release */ = {
			isa = XCBuildConfiguration;
			buildSettings = {
				ASSETCATALOG_COMPILER_APPICON_NAME = AppIcon;
				"CODE_SIGN_IDENTITY[sdk=iphoneos*]" = "iPhone Developer";
				DEVELOPMENT_TEAM = UABN6H7C4J;
				INFOPLIST_FILE = Square_sample/Info.plist;
				IPHONEOS_DEPLOYMENT_TARGET = 10.0;
				LD_RUNPATH_SEARCH_PATHS = "$(inherited) @executable_path/Frameworks";
				PRODUCT_BUNDLE_IDENTIFIER = "iphone.Square-sample";
				PRODUCT_NAME = "$(TARGET_NAME)";
				SWIFT_VERSION = 3.0;
				TARGETED_DEVICE_FAMILY = 1;
			};
			name = Release;
		};
		D2564CA71DE2FA070008A044 /* Debug */ = {
			isa = XCBuildConfiguration;
			buildSettings = {
				ALWAYS_EMBED_SWIFT_STANDARD_LIBRARIES = YES;
				BUNDLE_LOADER = "$(TEST_HOST)";
				INFOPLIST_FILE = Square_sampleTests/Info.plist;
				LD_RUNPATH_SEARCH_PATHS = "$(inherited) @executable_path/Frameworks @loader_path/Frameworks";
				PRODUCT_BUNDLE_IDENTIFIER = "iphone.Square-sampleTests";
				PRODUCT_NAME = "$(TARGET_NAME)";
				SWIFT_VERSION = 3.0;
				TEST_HOST = "$(BUILT_PRODUCTS_DIR)/Square_sample.app/Square_sample";
			};
			name = Debug;
		};
		D2564CA81DE2FA070008A044 /* Release */ = {
			isa = XCBuildConfiguration;
			buildSettings = {
				ALWAYS_EMBED_SWIFT_STANDARD_LIBRARIES = YES;
				BUNDLE_LOADER = "$(TEST_HOST)";
				INFOPLIST_FILE = Square_sampleTests/Info.plist;
				LD_RUNPATH_SEARCH_PATHS = "$(inherited) @executable_path/Frameworks @loader_path/Frameworks";
				PRODUCT_BUNDLE_IDENTIFIER = "iphone.Square-sampleTests";
				PRODUCT_NAME = "$(TARGET_NAME)";
				SWIFT_VERSION = 3.0;
				TEST_HOST = "$(BUILT_PRODUCTS_DIR)/Square_sample.app/Square_sample";
			};
			name = Release;
		};
		D2564CAA1DE2FA070008A044 /* Debug */ = {
			isa = XCBuildConfiguration;
			buildSettings = {
				ALWAYS_EMBED_SWIFT_STANDARD_LIBRARIES = YES;
				INFOPLIST_FILE = Square_sampleUITests/Info.plist;
				LD_RUNPATH_SEARCH_PATHS = "$(inherited) @executable_path/Frameworks @loader_path/Frameworks";
				PRODUCT_BUNDLE_IDENTIFIER = "iphone.Square-sampleUITests";
				PRODUCT_NAME = "$(TARGET_NAME)";
				SWIFT_VERSION = 3.0;
				TEST_TARGET_NAME = Square_sample;
			};
			name = Debug;
		};
		D2564CAB1DE2FA070008A044 /* Release */ = {
			isa = XCBuildConfiguration;
			buildSettings = {
				ALWAYS_EMBED_SWIFT_STANDARD_LIBRARIES = YES;
				INFOPLIST_FILE = Square_sampleUITests/Info.plist;
				LD_RUNPATH_SEARCH_PATHS = "$(inherited) @executable_path/Frameworks @loader_path/Frameworks";
				PRODUCT_BUNDLE_IDENTIFIER = "iphone.Square-sampleUITests";
				PRODUCT_NAME = "$(TARGET_NAME)";
				SWIFT_VERSION = 3.0;
				TEST_TARGET_NAME = Square_sample;
			};
			name = Release;
		};
/* End XCBuildConfiguration section */

/* Begin XCConfigurationList section */
		D2564C761DE2FA060008A044 /* Build configuration list for PBXProject "Square_sample" */ = {
			isa = XCConfigurationList;
			buildConfigurations = (
				D2564CA11DE2FA070008A044 /* Debug */,
				D2564CA21DE2FA070008A044 /* Release */,
			);
			defaultConfigurationIsVisible = 0;
			defaultConfigurationName = Release;
		};
		D2564CA31DE2FA070008A044 /* Build configuration list for PBXNativeTarget "Square_sample" */ = {
			isa = XCConfigurationList;
			buildConfigurations = (
				D2564CA41DE2FA070008A044 /* Debug */,
				D2564CA51DE2FA070008A044 /* Release */,
			);
			defaultConfigurationIsVisible = 0;
		};
		D2564CA61DE2FA070008A044 /* Build configuration list for PBXNativeTarget "Square_sampleTests" */ = {
			isa = XCConfigurationList;
			buildConfigurations = (
				D2564CA71DE2FA070008A044 /* Debug */,
				D2564CA81DE2FA070008A044 /* Release */,
			);
			defaultConfigurationIsVisible = 0;
		};
		D2564CA91DE2FA070008A044 /* Build configuration list for PBXNativeTarget "Square_sampleUITests" */ = {
			isa = XCConfigurationList;
			buildConfigurations = (
				D2564CAA1DE2FA070008A044 /* Debug */,
				D2564CAB1DE2FA070008A044 /* Release */,
			);
			defaultConfigurationIsVisible = 0;
		};
/* End XCConfigurationList section */
	};
	rootObject = D2564C731DE2FA060008A044 /* Project object */;
}
